
Microsoft Visual Studio Solution File, Format Version 12.00
# Visual Studio Version 17
VisualStudioVersion = 17.9.34723.18
MinimumVisualStudioVersion = 10.0.40219.1
Project("{FAE04EC0-301F-11D3-BF4B-00C04F79EFBC}") = "TestAPplication", "TestAPplication\TestAPplication.csproj", "{0D549BEB-EB0B-4F0C-8B83-04591C407558}"
EndProject
Global
	GlobalSection(SolutionConfigurationPlatforms) = preSolution
		Debug|Any CPU = Debug|Any CPU
		Release|Any CPU = Release|Any CPU
	EndGlobalSection
	GlobalSection(ProjectConfigurationPlatforms) = postSolution
		{0D549BEB-EB0B-4F0C-8B83-04591C407558}.Debug|Any CPU.ActiveCfg = Debug|Any CPU
		{0D549BEB-EB0B-4F0C-8B83-04591C407558}.Debug|Any CPU.Build.0 = Debug|Any CPU
		{0D549BEB-EB0B-4F0C-8B83-04591C407558}.Release|Any CPU.ActiveCfg = Release|Any CPU
		{0D549BEB-EB0B-4F0C-8B83-04591C407558}.Release|Any CPU.Build.0 = Release|Any CPU
	EndGlobalSection
	GlobalSection(SolutionProperties) = preSolution
		HideSolutionNode = FALSE
	EndGlobalSection
	GlobalSection(ExtensibilityGlobals) = postSolution
		SolutionGuid = {66387AE1-9A5C-4804-AE4A-7FCBBA3E8284}
	EndGlobalSection
EndGlobal
